
Microsoft Visual Studio Solution File, Format Version 12.00
# Visual Studio Version 16
VisualStudioVersion = 16.0.29215.179
MinimumVisualStudioVersion = 10.0.40219.1
Project("{FAE04EC0-301F-11D3-BF4B-00C04F79EFBC}") = "InvoiceServices", "InvoiceServices.csproj", "{5C8A27E9-DFA6-4F5F-84AB-D0BF4501881D}"
EndProject
Project("{FAE04EC0-301F-11D3-BF4B-00C04F79EFBC}") = "InvoiceServices.Logic", "InvoiceServices.Logic\InvoiceServices.Logic.csproj", "{7A8466C4-8F27-4BA3-8B1B-ECB0B29F13B9}"
EndProject
Global
	GlobalSection(SolutionConfigurationPlatforms) = preSolution
		Debug|Any CPU = Debug|Any CPU
		Release|Any CPU = Release|Any CPU
	EndGlobalSection
	GlobalSection(ProjectConfigurationPlatforms) = postSolution
		{5C8A27E9-DFA6-4F5F-84AB-D0BF4501881D}.Debug|Any CPU.ActiveCfg = Debug|Any CPU
		{5C8A27E9-DFA6-4F5F-84AB-D0BF4501881D}.Debug|Any CPU.Build.0 = Debug|Any CPU
		{5C8A27E9-DFA6-4F5F-84AB-D0BF4501881D}.Release|Any CPU.ActiveCfg = Release|Any CPU
		{5C8A27E9-DFA6-4F5F-84AB-D0BF4501881D}.Release|Any CPU.Build.0 = Release|Any CPU
		{7A8466C4-8F27-4BA3-8B1B-ECB0B29F13B9}.Debug|Any CPU.ActiveCfg = Debug|Any CPU
		{7A8466C4-8F27-4BA3-8B1B-ECB0B29F13B9}.Debug|Any CPU.Build.0 = Debug|Any CPU
		{7A8466C4-8F27-4BA3-8B1B-ECB0B29F13B9}.Release|Any CPU.ActiveCfg = Release|Any CPU
		{7A8466C4-8F27-4BA3-8B1B-ECB0B29F13B9}.Release|Any CPU.Build.0 = Release|Any CPU
	EndGlobalSection
	GlobalSection(SolutionProperties) = preSolution
		HideSolutionNode = FALSE
	EndGlobalSection
	GlobalSection(ExtensibilityGlobals) = postSolution
		SolutionGuid = {634CC278-9BE9-4DF0-A7F9-3256FDDCB017}
	EndGlobalSection
EndGlobal
